PODS:
  - Capacitor (5.2.3):
    - CapacitorCordova
  - CapacitorCordova (5.2.3)
  - NativescriptCapacitor (5.0.1):
    - Capacitor
    - NativeScriptSDK (~> 8.4.2)
    - NativeScriptUI (~> 0.1.2)
  - NativeScriptSDK (8.4.2)
  - NativeScriptUI (0.1.2)

DEPENDENCIES:
  - "Capacitor (from `../../node_modules/@capacitor/ios`)"
  - "CapacitorCordova (from `../../node_modules/@capacitor/ios`)"
  - "NativescriptCapacitor (from `../../node_modules/@nativescript/capacitor`)"
  - NativeScriptSDK (~> 8.4.2)
  - NativeScriptUI (~> 0.1.2)

SPEC REPOS:
  trunk:
    - NativeScriptSDK
    - NativeScriptUI

EXTERNAL SOURCES:
  Capacitor:
    :path: "../../node_modules/@capacitor/ios"
  CapacitorCordova:
    :path: "../../node_modules/@capacitor/ios"
  NativescriptCapacitor:
    :path: "../../node_modules/@nativescript/capacitor"

SPEC CHECKSUMS:
  Capacitor: 6f44cbc33839b8a4202b8eac97041fe584083417
  CapacitorCordova: 35def3ebfdef491f0a7b652816eb873ff4b20bbf
  NativescriptCapacitor: 9797571a901f515d648bec9fe29b3c5830c8fdd4
  NativeScriptSDK: 52c027949a94137d9215c2a955f8e1102cbb34a6
  NativeScriptUI: b7352a0cf41db1b57f97f4dfa63fb592e1778040

PODFILE CHECKSUM: de78d3f81dbac77fc58917239053c866c2ecd8ae

COCOAPODS: 1.11.3
